
Microsoft Visual Studio Solution File, Format Version 10.00
# Visual Studio 2008
Project("{8BC9CEB8-8B4A-11D0-8D11-00A0C91BC942}") = "Elec2", "Elec2\Elec2.vcproj", "{E0209D1E-D50A-4BE3-8D45-0FD446035652}"
EndProject
Global
	GlobalSection(SolutionConfigurationPlatforms) = preSolution
		Debug|Win32 = Debug|Win32
		Release|Win32 = Release|Win32
	EndGlobalSection
	GlobalSection(ProjectConfigurationPlatforms) = postSolution
		{E0209D1E-D50A-4BE3-8D45-0FD446035652}.Debug|Win32.ActiveCfg = Debug|Win32
		{E0209D1E-D50A-4BE3-8D45-0FD446035652}.Debug|Win32.Build.0 = Debug|Win32
		{E0209D1E-D50A-4BE3-8D45-0FD446035652}.Release|Win32.ActiveCfg = Release|Win32
		{E0209D1E-D50A-4BE3-8D45-0FD446035652}.Release|Win32.Build.0 = Release|Win32
	EndGlobalSection
	GlobalSection(SolutionProperties) = preSolution
		HideSolutionNode = FALSE
	EndGlobalSection
EndGlobal
